{
  "lib/core": {
    "tag": {
      "name": "v1.0.3",
      "rev": "74c0c6fbd5531a6065cdafdab07840b04a0d2039"
    }
  },
  "lib/forge-std": {
    "tag": {
      "name": "v1.16.2",
      "rev": "bf647bd6046f2f7da30d0c2bf435e5c76a780c1b"
    }
  },
  "lib/network": {
    "rev": "8ee834279cb4fb45adfcb5fee4a405f06b3134ca"
  },
  "lib/openzeppelin-contracts": {
    "tag": {
      "name": "v5.4.0",
      "rev": "c64a1edb67b6e3f4a15cca8909c9482ad33a02b0"
    }
  },
  "lib/openzeppelin-contracts-upgradeable": {
    "tag": {
      "name": "v5.4.0",
      "rev": "e725abddf1e01cf05ace496e950fc8e243cc7cab"
    }
  },
  "lib/rewards": {
    "rev": "b5a1f5b46f33f31938fc0116086b3a75e748c8b1"
  }
}
